
Microsoft Visual Studio Solution File, Format Version 12.00
# Visual Studio 15
VisualStudioVersion = 15.0.27703.1
MinimumVisualStudioVersion = 10.0.40219.1
Project("{FAE04EC0-301F-11D3-BF4B-00C04F79EFBC}") = "TeamMemberBios", "TeamMemberBios\TeamMemberBios.csproj", "{5E846FE7-D992-4852-9E24-267FCA433790}"
EndProject
Global
	GlobalSection(SolutionConfigurationPlatforms) = preSolution
		Debug|Any CPU = Debug|Any CPU
		Release|Any CPU = Release|Any CPU
	EndGlobalSection
	GlobalSection(ProjectConfigurationPlatforms) = postSolution
		{5E846FE7-D992-4852-9E24-267FCA433790}.Debug|Any CPU.ActiveCfg = Debug|Any CPU
		{5E846FE7-D992-4852-9E24-267FCA433790}.Debug|Any CPU.Build.0 = Debug|Any CPU
		{5E846FE7-D992-4852-9E24-267FCA433790}.Release|Any CPU.ActiveCfg = Release|Any CPU
		{5E846FE7-D992-4852-9E24-267FCA433790}.Release|Any CPU.Build.0 = Release|Any CPU
	EndGlobalSection
	GlobalSection(SolutionProperties) = preSolution
		HideSolutionNode = FALSE
	EndGlobalSection
	GlobalSection(ExtensibilityGlobals) = postSolution
		SolutionGuid = {F72E53FD-8D5A-4AEF-AE74-515CFE25EF4C}
	EndGlobalSection
EndGlobal
