
Microsoft Visual Studio Solution File, Format Version 12.00
# Visual Studio Version 16
VisualStudioVersion = 16.0.32510.428
MinimumVisualStudioVersion = 10.0.40219.1
Project("{FAE04EC0-301F-11D3-BF4B-00C04F79EFBC}") = "WebApplication14-A", "WebApplication14-A.csproj", "{C26BA734-5A98-45C5-9903-0FE0430185EB}"
EndProject
Global
	GlobalSection(SolutionConfigurationPlatforms) = preSolution
		Debug|Any CPU = Debug|Any CPU
		Release|Any CPU = Release|Any CPU
	EndGlobalSection
	GlobalSection(ProjectConfigurationPlatforms) = postSolution
		{C26BA734-5A98-45C5-9903-0FE0430185EB}.Debug|Any CPU.ActiveCfg = Debug|Any CPU
		{C26BA734-5A98-45C5-9903-0FE0430185EB}.Debug|Any CPU.Build.0 = Debug|Any CPU
		{C26BA734-5A98-45C5-9903-0FE0430185EB}.Release|Any CPU.ActiveCfg = Release|Any CPU
		{C26BA734-5A98-45C5-9903-0FE0430185EB}.Release|Any CPU.Build.0 = Release|Any CPU
	EndGlobalSection
	GlobalSection(SolutionProperties) = preSolution
		HideSolutionNode = FALSE
	EndGlobalSection
	GlobalSection(ExtensibilityGlobals) = postSolution
		SolutionGuid = {B87C4196-584E-494B-8841-6BA2FB31A894}
	EndGlobalSection
EndGlobal
